// !$*UTF8*$!
{
	archiveVersion = 1;
	classes = {
	};
	objectVersion = 56;
	objects = {

/* Begin PBXBuildFile section */
		0019F67D2BD00477000D7DCF /* AppDelegate.swift in Sources */ = {isa = PBXBuildFile; fileRef = 0019F67C2BD00477000D7DCF /* AppDelegate.swift */; };
		0019F67F2BD00477000D7DCF /* SceneDelegate.swift in Sources */ = {isa = PBXBuildFile; fileRef = 0019F67E2BD00477000D7DCF /* SceneDelegate.swift */; };
		0019F6812BD00477000D7DCF /* MagicCardViewController.swift in Sources */ = {isa = PBXBuildFile; fileRef = 0019F6802BD00477000D7DCF /* MagicCardViewController.swift */; };
		0019F6862BD00479000D7DCF /* Assets.xcassets in Resources */ = {isa = PBXBuildFile; fileRef = 0019F6852BD00479000D7DCF /* Assets.xcassets */; };
		0019F6892BD00479000D7DCF /* Base in Resources */ = {isa = PBXBuildFile; fileRef = 0019F6882BD00479000D7DCF /* Base */; };
		0019F6A02BD0082E000D7DCF /* Alamofire in Frameworks */ = {isa = PBXBuildFile; productRef = 0019F69F2BD0082E000D7DCF /* Alamofire */; };
		0019F6A22BD008F1000D7DCF /* AlamofireDynamic in Frameworks */ = {isa = PBXBuildFile; productRef = 0019F6A12BD008F1000D7DCF /* AlamofireDynamic */; };
		0019F6BE2BD00D55000D7DCF /* HTTPClientError.swift in Sources */ = {isa = PBXBuildFile; fileRef = 0019F6BA2BD00D55000D7DCF /* HTTPClientError.swift */; };
		0019F6BF2BD00D55000D7DCF /* HTTPClient.swift in Sources */ = {isa = PBXBuildFile; fileRef = 0019F6BB2BD00D55000D7DCF /* HTTPClient.swift */; };
		0019F6C02BD00D55000D7DCF /* MagicCardsService.swift in Sources */ = {isa = PBXBuildFile; fileRef = 0019F6BC2BD00D55000D7DCF /* MagicCardsService.swift */; };
		0019F6C12BD00D55000D7DCF /* ServerError.swift in Sources */ = {isa = PBXBuildFile; fileRef = 0019F6BD2BD00D55000D7DCF /* ServerError.swift */; };
		0019F6C32BD00D6A000D7DCF /* Card.swift in Sources */ = {isa = PBXBuildFile; fileRef = 0019F6C22BD00D6A000D7DCF /* Card.swift */; };
		0019F6C52BD25E64000D7DCF /* RoundedNavigationBar.swift in Sources */ = {isa = PBXBuildFile; fileRef = 0019F6C42BD25E64000D7DCF /* RoundedNavigationBar.swift */; };
		0019F6C82BD25E76000D7DCF /* SnapKit in Frameworks */ = {isa = PBXBuildFile; productRef = 0019F6C72BD25E76000D7DCF /* SnapKit */; };
		0019F6CB2BD26472000D7DCF /* UITextField+Ext.swift in Sources */ = {isa = PBXBuildFile; fileRef = 0019F6CA2BD26472000D7DCF /* UITextField+Ext.swift */; };
		0019F6CD2BD2841E000D7DCF /* MagicCardCell.swift in Sources */ = {isa = PBXBuildFile; fileRef = 0019F6CC2BD2841E000D7DCF /* MagicCardCell.swift */; };
		0019F6CF2BD2877A000D7DCF /* UIImageView+Ext.swift in Sources */ = {isa = PBXBuildFile; fileRef = 0019F6CE2BD2877A000D7DCF /* UIImageView+Ext.swift */; };
		0058C9FC2BD58D8500006819 /* SnapKit-Dynamic in Frameworks */ = {isa = PBXBuildFile; productRef = 0058C9FB2BD58D8500006819 /* SnapKit-Dynamic */; };
		0058C9FF2BD6BEB900006819 /* MagicCardDetailsViewController.swift in Sources */ = {isa = PBXBuildFile; fileRef = 0058C9FE2BD6BEB900006819 /* MagicCardDetailsViewController.swift */; };
/* End PBXBuildFile section */

/* Begin PBXFileReference section */
		0019F6792BD00477000D7DCF /* iOS12-HW21-Daniil-Ivanov.app */ = {isa = PBXFileReference; explicitFileType = wrapper.application; includeInIndex = 0; path = "iOS12-HW21-Daniil-Ivanov.app"; sourceTree = BUILT_PRODUCTS_DIR; };
		0019F67C2BD00477000D7DCF /* AppDelegate.swift */ = {isa = PBXFileReference; lastKnownFileType = sourcecode.swift; path = AppDelegate.swift; sourceTree = "<group>"; };
		0019F67E2BD00477000D7DCF /* SceneDelegate.swift */ = {isa = PBXFileReference; lastKnownFileType = sourcecode.swift; path = SceneDelegate.swift; sourceTree = "<group>"; };
		0019F6802BD00477000D7DCF /* MagicCardViewController.swift */ = {isa = PBXFileReference; lastKnownFileType = sourcecode.swift; path = MagicCardViewController.swift; sourceTree = "<group>"; };
		0019F6852BD00479000D7DCF /* Assets.xcassets */ = {isa = PBXFileReference; lastKnownFileType = folder.assetcatalog; path = Assets.xcassets; sourceTree = "<group>"; };
		0019F6882BD00479000D7DCF /* Base */ = {isa = PBXFileReference; lastKnownFileType = file.storyboard; name = Base; path = Base.lproj/LaunchScreen.storyboard; sourceTree = "<group>"; };
		0019F68A2BD00479000D7DCF /* Info.plist */ = {isa = PBXFileReference; lastKnownFileType = text.plist.xml; path = Info.plist; sourceTree = "<group>"; };
		0019F6BA2BD00D55000D7DCF /* HTTPClientError.swift */ = {isa = PBXFileReference; fileEncoding = 4; lastKnownFileType = sourcecode.swift; path = HTTPClientError.swift; sourceTree = "<group>"; };
		0019F6BB2BD00D55000D7DCF /* HTTPClient.swift */ = {isa = PBXFileReference; fileEncoding = 4; lastKnownFileType = sourcecode.swift; path = HTTPClient.swift; sourceTree = "<group>"; };
		0019F6BC2BD00D55000D7DCF /* MagicCardsService.swift */ = {isa = PBXFileReference; fileEncoding = 4; lastKnownFileType = sourcecode.swift; path = MagicCardsService.swift; sourceTree = "<group>"; };
		0019F6BD2BD00D55000D7DCF /* ServerError.swift */ = {isa = PBXFileReference; fileEncoding = 4; lastKnownFileType = sourcecode.swift; path = ServerError.swift; sourceTree = "<group>"; };
		0019F6C22BD00D6A000D7DCF /* Card.swift */ = {isa = PBXFileReference; fileEncoding = 4; lastKnownFileType = sourcecode.swift; path = Card.swift; sourceTree = "<group>"; };
		0019F6C42BD25E64000D7DCF /* RoundedNavigationBar.swift */ = {isa = PBXFileReference; lastKnownFileType = sourcecode.swift; path = RoundedNavigationBar.swift; sourceTree = "<group>"; };
		0019F6CA2BD26472000D7DCF /* UITextField+Ext.swift */ = {isa = PBXFileReference; lastKnownFileType = sourcecode.swift; path = "UITextField+Ext.swift"; sourceTree = "<group>"; };
		0019F6CC2BD2841E000D7DCF /* MagicCardCell.swift */ = {isa = PBXFileReference; lastKnownFileType = sourcecode.swift; path = MagicCardCell.swift; sourceTree = "<group>"; };
		0019F6CE2BD2877A000D7DCF /* UIImageView+Ext.swift */ = {isa = PBXFileReference; lastKnownFileType = sourcecode.swift; path = "UIImageView+Ext.swift"; sourceTree = "<group>"; };
		0058C9FE2BD6BEB900006819 /* MagicCardDetailsViewController.swift */ = {isa = PBXFileReference; lastKnownFileType = sourcecode.swift; path = MagicCardDetailsViewController.swift; sourceTree = "<group>"; };
/* End PBXFileReference section */

/* Begin PBXFrameworksBuildPhase section */
		0019F6762BD00477000D7DCF /* Frameworks */ = {
			isa = PBXFrameworksBuildPhase;
			buildActionMask = 2147483647;
			files = (
				0019F6C82BD25E76000D7DCF /* SnapKit in Frameworks */,
				0019F6A02BD0082E000D7DCF /* Alamofire in Frameworks */,
				0019F6A22BD008F1000D7DCF /* AlamofireDynamic in Frameworks */,
				0058C9FC2BD58D8500006819 /* SnapKit-Dynamic in Frameworks */,
			);
			runOnlyForDeploymentPostprocessing = 0;
		};
/* End PBXFrameworksBuildPhase section */

/* Begin PBXGroup section */
		0019F6702BD00477000D7DCF = {
			isa = PBXGroup;
			children = (
				0019F67B2BD00477000D7DCF /* iOS12-HW21-Daniil-Ivanov */,
				0019F67A2BD00477000D7DCF /* Products */,
			);
			sourceTree = "<group>";
		};
		0019F67A2BD00477000D7DCF /* Products */ = {
			isa = PBXGroup;
			children = (
				0019F6792BD00477000D7DCF /* iOS12-HW21-Daniil-Ivanov.app */,
			);
			name = Products;
			sourceTree = "<group>";
		};
		0019F67B2BD00477000D7DCF /* iOS12-HW21-Daniil-Ivanov */ = {
			isa = PBXGroup;
			children = (
				0019F6912BD004A6000D7DCF /* App */,
				0019F6902BD00493000D7DCF /* Sources */,
				0019F6922BD004AC000D7DCF /* Resources */,
			);
			path = "iOS12-HW21-Daniil-Ivanov";
			sourceTree = "<group>";
		};
		0019F6902BD00493000D7DCF /* Sources */ = {
			isa = PBXGroup;
			children = (
				0058C9FD2BD6B77900006819 /* MagicCardDetails */,
				0019F6C92BD26463000D7DCF /* Extensions */,
				0019F6B92BD00D42000D7DCF /* Model */,
				0019F6B82BD00D3E000D7DCF /* Api */,
				0019F6942BD007BB000D7DCF /* MagicCards */,
			);
			path = Sources;
			sourceTree = "<group>";
		};
		0019F6912BD004A6000D7DCF /* App */ = {
			isa = PBXGroup;
			children = (
				0019F67C2BD00477000D7DCF /* AppDelegate.swift */,
				0019F67E2BD00477000D7DCF /* SceneDelegate.swift */,
			);
			path = App;
			sourceTree = "<group>";
		};
		0019F6922BD004AC000D7DCF /* Resources */ = {
			isa = PBXGroup;
			children = (
				0019F6852BD00479000D7DCF /* Assets.xcassets */,
				0019F6872BD00479000D7DCF /* LaunchScreen.storyboard */,
				0019F6932BD004B2000D7DCF /* Configuration */,
			);
			path = Resources;
			sourceTree = "<group>";
		};
		0019F6932BD004B2000D7DCF /* Configuration */ = {
			isa = PBXGroup;
			children = (
				0019F68A2BD00479000D7DCF /* Info.plist */,
			);
			path = Configuration;
			sourceTree = "<group>";
		};
		0019F6942BD007BB000D7DCF /* MagicCards */ = {
			isa = PBXGroup;
			children = (
				0019F6802BD00477000D7DCF /* MagicCardViewController.swift */,
				0019F6C42BD25E64000D7DCF /* RoundedNavigationBar.swift */,
				0019F6CC2BD2841E000D7DCF /* MagicCardCell.swift */,
			);
			path = MagicCards;
			sourceTree = "<group>";
		};
		0019F6B82BD00D3E000D7DCF /* Api */ = {
			isa = PBXGroup;
			children = (
				0019F6BB2BD00D55000D7DCF /* HTTPClient.swift */,
				0019F6BA2BD00D55000D7DCF /* HTTPClientError.swift */,
				0019F6BC2BD00D55000D7DCF /* MagicCardsService.swift */,
				0019F6BD2BD00D55000D7DCF /* ServerError.swift */,
			);
			path = Api;
			sourceTree = "<group>";
		};
		0019F6B92BD00D42000D7DCF /* Model */ = {
			isa = PBXGroup;
			children = (
				0019F6C22BD00D6A000D7DCF /* Card.swift */,
			);
			path = Model;
			sourceTree = "<group>";
		};
		0019F6C92BD26463000D7DCF /* Extensions */ = {
			isa = PBXGroup;
			children = (
				0019F6CA2BD26472000D7DCF /* UITextField+Ext.swift */,
				0019F6CE2BD2877A000D7DCF /* UIImageView+Ext.swift */,
			);
			path = Extensions;
			sourceTree = "<group>";
		};
		0058C9FD2BD6B77900006819 /* MagicCardDetails */ = {
			isa = PBXGroup;
			children = (
				0058C9FE2BD6BEB900006819 /* MagicCardDetailsViewController.swift */,
			);
			path = MagicCardDetails;
			sourceTree = "<group>";
		};
/* End PBXGroup section */

/* Begin PBXNativeTarget section */
		0019F6782BD00477000D7DCF /* iOS12-HW21-Daniil-Ivanov */ = {
			isa = PBXNativeTarget;
			buildConfigurationList = 0019F68D2BD00479000D7DCF /* Build configuration list for PBXNativeTarget "iOS12-HW21-Daniil-Ivanov" */;
			buildPhases = (
				0019F6752BD00477000D7DCF /* Sources */,
				0019F6762BD00477000D7DCF /* Frameworks */,
				0019F6772BD00477000D7DCF /* Resources */,
			);
			buildRules = (
			);
			dependencies = (
			);
			name = "iOS12-HW21-Daniil-Ivanov";
			packageProductDependencies = (
				0019F69F2BD0082E000D7DCF /* Alamofire */,
				0019F6A12BD008F1000D7DCF /* AlamofireDynamic */,
				0019F6C72BD25E76000D7DCF /* SnapKit */,
				0058C9FB2BD58D8500006819 /* SnapKit-Dynamic */,
			);
			productName = "iOS12-HW21-Daniil-Ivanov";
			productReference = 0019F6792BD00477000D7DCF /* iOS12-HW21-Daniil-Ivanov.app */;
			productType = "com.apple.product-type.application";
		};
/* End PBXNativeTarget section */

/* Begin PBXProject section */
		0019F6712BD00477000D7DCF /* Project object */ = {
			isa = PBXProject;
			attributes = {
				BuildIndependentTargetsInParallel = 1;
				LastSwiftUpdateCheck = 1530;
				LastUpgradeCheck = 1530;
				TargetAttributes = {
					0019F6782BD00477000D7DCF = {
						CreatedOnToolsVersion = 15.3;
					};
				};
			};
			buildConfigurationList = 0019F6742BD00477000D7DCF /* Build configuration list for PBXProject "iOS12-HW21-Daniil-Ivanov" */;
			compatibilityVersion = "Xcode 14.0";
			developmentRegion = en;
			hasScannedForEncodings = 0;
			knownRegions = (
				en,
				Base,
			);
			mainGroup = 0019F6702BD00477000D7DCF;
			packageReferences = (
				0019F69E2BD0082E000D7DCF /* XCRemoteSwiftPackageReference "Alamofire" */,
				0019F6C62BD25E76000D7DCF /* XCRemoteSwiftPackageReference "SnapKit" */,
			);
			productRefGroup = 0019F67A2BD00477000D7DCF /* Products */;
			projectDirPath = "";
			projectRoot = "";
			targets = (
				0019F6782BD00477000D7DCF /* iOS12-HW21-Daniil-Ivanov */,
			);
		};
/* End PBXProject section */

/* Begin PBXResourcesBuildPhase section */
		0019F6772BD00477000D7DCF /* Resources */ = {
			isa = PBXResourcesBuildPhase;
			buildActionMask = 2147483647;
			files = (
				0019F6862BD00479000D7DCF /* Assets.xcassets in Resources */,
				0019F6892BD00479000D7DCF /* Base in Resources */,
			);
			runOnlyForDeploymentPostprocessing = 0;
		};
/* End PBXResourcesBuildPhase section */

/* Begin PBXSourcesBuildPhase section */
		0019F6752BD00477000D7DCF /* Sources */ = {
			isa = PBXSourcesBuildPhase;
			buildActionMask = 2147483647;
			files = (
				0058C9FF2BD6BEB900006819 /* MagicCardDetailsViewController.swift in Sources */,
				0019F6CF2BD2877A000D7DCF /* UIImageView+Ext.swift in Sources */,
				0019F6C02BD00D55000D7DCF /* MagicCardsService.swift in Sources */,
				0019F6CB2BD26472000D7DCF /* UITextField+Ext.swift in Sources */,
				0019F6812BD00477000D7DCF /* MagicCardViewController.swift in Sources */,
				0019F6BF2BD00D55000D7DCF /* HTTPClient.swift in Sources */,
				0019F6BE2BD00D55000D7DCF /* HTTPClientError.swift in Sources */,
				0019F6CD2BD2841E000D7DCF /* MagicCardCell.swift in Sources */,
				0019F67D2BD00477000D7DCF /* AppDelegate.swift in Sources */,
				0019F6C52BD25E64000D7DCF /* RoundedNavigationBar.swift in Sources */,
				0019F67F2BD00477000D7DCF /* SceneDelegate.swift in Sources */,
				0019F6C12BD00D55000D7DCF /* ServerError.swift in Sources */,
				0019F6C32BD00D6A000D7DCF /* Card.swift in Sources */,
			);
			runOnlyForDeploymentPostprocessing = 0;
		};
/* End PBXSourcesBuildPhase section */

/* Begin PBXVariantGroup section */
		0019F6872BD00479000D7DCF /* LaunchScreen.storyboard */ = {
			isa = PBXVariantGroup;
			children = (
				0019F6882BD00479000D7DCF /* Base */,
			);
			name = LaunchScreen.storyboard;
			sourceTree = "<group>";
		};
/* End PBXVariantGroup section */

/* Begin XCBuildConfiguration section */
		0019F68B2BD00479000D7DCF /* Debug */ = {
			isa = XCBuildConfiguration;
			buildSettings = {
				ALWAYS_SEARCH_USER_PATHS = NO;
				ASSETCATALOG_COMPILER_GENERATE_SWIFT_ASSET_SYMBOL_EXTENSIONS = YES;
				CLANG_ANALYZER_NONNULL = YES;
				CLANG_ANALYZER_NUMBER_OBJECT_CONVERSION = YES_AGGRESSIVE;
				CLANG_CXX_LANGUAGE_STANDARD = "gnu++20";
				CLANG_ENABLE_MODULES = YES;
				CLANG_ENABLE_OBJC_ARC = YES;
				CLANG_ENABLE_OBJC_WEAK = YES;
				CLANG_WARN_BLOCK_CAPTURE_AUTORELEASING = YES;
				CLANG_WARN_BOOL_CONVERSION = YES;
				CLANG_WARN_COMMA = YES;
				CLANG_WARN_CONSTANT_CONVERSION = YES;
				CLANG_WARN_DEPRECATED_OBJC_IMPLEMENTATIONS = YES;
				CLANG_WARN_DIRECT_OBJC_ISA_USAGE = YES_ERROR;
				CLANG_WARN_DOCUMENTATION_COMMENTS = YES;
				CLANG_WARN_EMPTY_BODY = YES;
				CLANG_WARN_ENUM_CONVERSION = YES;
				CLANG_WARN_INFINITE_RECURSION = YES;
				CLANG_WARN_INT_CONVERSION = YES;
				CLANG_WARN_NON_LITERAL_NULL_CONVERSION = YES;
				CLANG_WARN_OBJC_IMPLICIT_RETAIN_SELF = YES;
				CLANG_WARN_OBJC_LITERAL_CONVERSION = YES;
				CLANG_WARN_OBJC_ROOT_CLASS = YES_ERROR;
				CLANG_WARN_QUOTED_INCLUDE_IN_FRAMEWORK_HEADER = YES;
				CLANG_WARN_RANGE_LOOP_ANALYSIS = YES;
				CLANG_WARN_STRICT_PROTOTYPES = YES;
				CLANG_WARN_SUSPICIOUS_MOVE = YES;
				CLANG_WARN_UNGUARDED_AVAILABILITY = YES_AGGRESSIVE;
				CLANG_WARN_UNREACHABLE_CODE = YES;
				CLANG_WARN__DUPLICATE_METHOD_MATCH = YES;
				COPY_PHASE_STRIP = NO;
				DEBUG_INFORMATION_FORMAT = dwarf;
				ENABLE_STRICT_OBJC_MSGSEND = YES;
				ENABLE_TESTABILITY = YES;
				ENABLE_USER_SCRIPT_SANDBOXING = YES;
				GCC_C_LANGUAGE_STANDARD = gnu17;
				GCC_DYNAMIC_NO_PIC = NO;
				GCC_NO_COMMON_BLOCKS = YES;
				GCC_OPTIMIZATION_LEVEL = 0;
				GCC_PREPROCESSOR_DEFINITIONS = (
					"DEBUG=1",
					"$(inherited)",
				);
				GCC_WARN_64_TO_32_BIT_CONVERSION = YES;
				GCC_WARN_ABOUT_RETURN_TYPE = YES_ERROR;
				GCC_WARN_UNDECLARED_SELECTOR = YES;
				GCC_WARN_UNINITIALIZED_AUTOS = YES_AGGRESSIVE;
				GCC_WARN_UNUSED_FUNCTION = YES;
				GCC_WARN_UNUSED_VARIABLE = YES;
				IPHONEOS_DEPLOYMENT_TARGET = 17.4;
				LOCALIZATION_PREFERS_STRING_CATALOGS = YES;
				MTL_ENABLE_DEBUG_INFO = INCLUDE_SOURCE;
				MTL_FAST_MATH = YES;
				ONLY_ACTIVE_ARCH = YES;
				SDKROOT = iphoneos;
				SWIFT_ACTIVE_COMPILATION_CONDITIONS = "DEBUG $(inherited)";
				SWIFT_OPTIMIZATION_LEVEL = "-Onone";
			};
			name = Debug;
		};
		0019F68C2BD00479000D7DCF /* Release */ = {
			isa = XCBuildConfiguration;
			buildSettings = {
				ALWAYS_SEARCH_USER_PATHS = NO;
				ASSETCATALOG_COMPILER_GENERATE_SWIFT_ASSET_SYMBOL_EXTENSIONS = YES;
				CLANG_ANALYZER_NONNULL = YES;
				CLANG_ANALYZER_NUMBER_OBJECT_CONVERSION = YES_AGGRESSIVE;
				CLANG_CXX_LANGUAGE_STANDARD = "gnu++20";
				CLANG_ENABLE_MODULES = YES;
				CLANG_ENABLE_OBJC_ARC = YES;
				CLANG_ENABLE_OBJC_WEAK = YES;
				CLANG_WARN_BLOCK_CAPTURE_AUTORELEASING = YES;
				CLANG_WARN_BOOL_CONVERSION = YES;
				CLANG_WARN_COMMA = YES;
				CLANG_WARN_CONSTANT_CONVERSION = YES;
				CLANG_WARN_DEPRECATED_OBJC_IMPLEMENTATIONS = YES;
				CLANG_WARN_DIRECT_OBJC_ISA_USAGE = YES_ERROR;
				CLANG_WARN_DOCUMENTATION_COMMENTS = YES;
				CLANG_WARN_EMPTY_BODY = YES;
				CLANG_WARN_ENUM_CONVERSION = YES;
				CLANG_WARN_INFINITE_RECURSION = YES;
				CLANG_WARN_INT_CONVERSION = YES;
				CLANG_WARN_NON_LITERAL_NULL_CONVERSION = YES;
				CLANG_WARN_OBJC_IMPLICIT_RETAIN_SELF = YES;
				CLANG_WARN_OBJC_LITERAL_CONVERSION = YES;
				CLANG_WARN_OBJC_ROOT_CLASS = YES_ERROR;
				CLANG_WARN_QUOTED_INCLUDE_IN_FRAMEWORK_HEADER = YES;
				CLANG_WARN_RANGE_LOOP_ANALYSIS = YES;
				CLANG_WARN_STRICT_PROTOTYPES = YES;
				CLANG_WARN_SUSPICIOUS_MOVE = YES;
				CLANG_WARN_UNGUARDED_AVAILABILITY = YES_AGGRESSIVE;
				CLANG_WARN_UNREACHABLE_CODE = YES;
				CLANG_WARN__DUPLICATE_METHOD_MATCH = YES;
				COPY_PHASE_STRIP = NO;
				DEBUG_INFORMATION_FORMAT = "dwarf-with-dsym";
				ENABLE_NS_ASSERTIONS = NO;
				ENABLE_STRICT_OBJC_MSGSEND = YES;
				ENABLE_USER_SCRIPT_SANDBOXING = YES;
				GCC_C_LANGUAGE_STANDARD = gnu17;
				GCC_NO_COMMON_BLOCKS = YES;
				GCC_WARN_64_TO_32_BIT_CONVERSION = YES;
				GCC_WARN_ABOUT_RETURN_TYPE = YES_ERROR;
				GCC_WARN_UNDECLARED_SELECTOR = YES;
				GCC_WARN_UNINITIALIZED_AUTOS = YES_AGGRESSIVE;
				GCC_WARN_UNUSED_FUNCTION = YES;
				GCC_WARN_UNUSED_VARIABLE = YES;
				IPHONEOS_DEPLOYMENT_TARGET = 17.4;
				LOCALIZATION_PREFERS_STRING_CATALOGS = YES;
				MTL_ENABLE_DEBUG_INFO = NO;
				MTL_FAST_MATH = YES;
				SDKROOT = iphoneos;
				SWIFT_COMPILATION_MODE = wholemodule;
				VALIDATE_PRODUCT = YES;
			};
			name = Release;
		};
		0019F68E2BD00479000D7DCF /* Debug */ = {
			isa = XCBuildConfiguration;
			buildSettings = {
				ASSETCATALOG_COMPILER_APPICON_NAME = AppIcon;
				ASSETCATALOG_COMPILER_GLOBAL_ACCENT_COLOR_NAME = AccentColor;
				CODE_SIGN_STYLE = Automatic;
				CURRENT_PROJECT_VERSION = 1;
				DEVELOPMENT_TEAM = LLM6YPG7Q7;
				GENERATE_INFOPLIST_FILE = YES;
				INFOPLIST_FILE = "iOS12-HW21-Daniil-Ivanov/Resources/Configuration/Info.plist";
				INFOPLIST_KEY_UIApplicationSupportsIndirectInputEvents = YES;
				INFOPLIST_KEY_UILaunchStoryboardName = LaunchScreen;
				INFOPLIST_KEY_UISupportedInterfaceOrientations = UIInterfaceOrientationPortrait;
				INFOPLIST_KEY_UISupportedInterfaceOrientations_iPad = "UIInterfaceOrientationLandscapeLeft UIInterfaceOrientationLandscapeRight UIInterfaceOrientationPortrait UIInterfaceOrientationPortraitUpsideDown";
				LD_RUNPATH_SEARCH_PATHS = (
					"$(inherited)",
					"@executable_path/Frameworks",
				);
				MARKETING_VERSION = 1.0;
				PRODUCT_BUNDLE_IDENTIFIER = "com.example.iOS12-HW21-Daniil-Ivanov";
				PRODUCT_NAME = "$(TARGET_NAME)";
				SUPPORTED_PLATFORMS = "iphoneos iphonesimulator";
				SUPPORTS_MACCATALYST = NO;
				SUPPORTS_MAC_DESIGNED_FOR_IPHONE_IPAD = NO;
				SUPPORTS_XR_DESIGNED_FOR_IPHONE_IPAD = NO;
				SWIFT_EMIT_LOC_STRINGS = YES;
				SWIFT_VERSION = 5.0;
				TARGETED_DEVICE_FAMILY = 1;
			};
			name = Debug;
		};
		0019F68F2BD00479000D7DCF /* Release */ = {
			isa = XCBuildConfiguration;
			buildSettings = {
				ASSETCATALOG_COMPILER_APPICON_NAME = AppIcon;
				ASSETCATALOG_COMPILER_GLOBAL_ACCENT_COLOR_NAME = AccentColor;
				CODE_SIGN_STYLE = Automatic;
				CURRENT_PROJECT_VERSION = 1;
				DEVELOPMENT_TEAM = LLM6YPG7Q7;
				GENERATE_INFOPLIST_FILE = YES;
				INFOPLIST_FILE = "iOS12-HW21-Daniil-Ivanov/Resources/Configuration/Info.plist";
				INFOPLIST_KEY_UIApplicationSupportsIndirectInputEvents = YES;
				INFOPLIST_KEY_UILaunchStoryboardName = LaunchScreen;
				INFOPLIST_KEY_UISupportedInterfaceOrientations = UIInterfaceOrientationPortrait;
				INFOPLIST_KEY_UISupportedInterfaceOrientations_iPad = "UIInterfaceOrientationLandscapeLeft UIInterfaceOrientationLandscapeRight UIInterfaceOrientationPortrait UIInterfaceOrientationPortraitUpsideDown";
				LD_RUNPATH_SEARCH_PATHS = (
					"$(inherited)",
					"@executable_path/Frameworks",
				);
				MARKETING_VERSION = 1.0;
				PRODUCT_BUNDLE_IDENTIFIER = "com.example.iOS12-HW21-Daniil-Ivanov";
				PRODUCT_NAME = "$(TARGET_NAME)";
				SUPPORTED_PLATFORMS = "iphoneos iphonesimulator";
				SUPPORTS_MACCATALYST = NO;
				SUPPORTS_MAC_DESIGNED_FOR_IPHONE_IPAD = NO;
				SUPPORTS_XR_DESIGNED_FOR_IPHONE_IPAD = NO;
				SWIFT_EMIT_LOC_STRINGS = YES;
				SWIFT_VERSION = 5.0;
				TARGETED_DEVICE_FAMILY = 1;
			};
			name = Release;
		};
/* End XCBuildConfiguration section */

/* Begin XCConfigurationList section */
		0019F6742BD00477000D7DCF /* Build configuration list for PBXProject "iOS12-HW21-Daniil-Ivanov" */ = {
			isa = XCConfigurationList;
			buildConfigurations = (
				0019F68B2BD00479000D7DCF /* Debug */,
				0019F68C2BD00479000D7DCF /* Release */,
			);
			defaultConfigurationIsVisible = 0;
			defaultConfigurationName = Release;
		};
		0019F68D2BD00479000D7DCF /* Build configuration list for PBXNativeTarget "iOS12-HW21-Daniil-Ivanov" */ = {
			isa = XCConfigurationList;
			buildConfigurations = (
				0019F68E2BD00479000D7DCF /* Debug */,
				0019F68F2BD00479000D7DCF /* Release */,
			);
			defaultConfigurationIsVisible = 0;
			defaultConfigurationName = Release;
		};
/* End XCConfigurationList section */

/* Begin XCRemoteSwiftPackageReference section */
		0019F69E2BD0082E000D7DCF /* XCRemoteSwiftPackageReference "Alamofire" */ = {
			isa = XCRemoteSwiftPackageReference;
			repositoryURL = "https://github.com/Alamofire/Alamofire";
			requirement = {
				kind = upToNextMajorVersion;
				minimumVersion = 5.9.1;
			};
		};
		0019F6C62BD25E76000D7DCF /* XCRemoteSwiftPackageReference "SnapKit" */ = {
			isa = XCRemoteSwiftPackageReference;
			repositoryURL = "https://github.com/SnapKit/SnapKit.git";
			requirement = {
				kind = upToNextMajorVersion;
				minimumVersion = 5.7.1;
			};
		};
/* End XCRemoteSwiftPackageReference section */

/* Begin XCSwiftPackageProductDependency section */
		0019F69F2BD0082E000D7DCF /* Alamofire */ = {
			isa = XCSwiftPackageProductDependency;
			package = 0019F69E2BD0082E000D7DCF /* XCRemoteSwiftPackageReference "Alamofire" */;
			productName = Alamofire;
		};
		0019F6A12BD008F1000D7DCF /* AlamofireDynamic */ = {
			isa = XCSwiftPackageProductDependency;
			package = 0019F69E2BD0082E000D7DCF /* XCRemoteSwiftPackageReference "Alamofire" */;
			productName = AlamofireDynamic;
		};
		0019F6C72BD25E76000D7DCF /* SnapKit */ = {
			isa = XCSwiftPackageProductDependency;
			package = 0019F6C62BD25E76000D7DCF /* XCRemoteSwiftPackageReference "SnapKit" */;
			productName = SnapKit;
		};
		0058C9FB2BD58D8500006819 /* SnapKit-Dynamic */ = {
			isa = XCSwiftPackageProductDependency;
			package = 0019F6C62BD25E76000D7DCF /* XCRemoteSwiftPackageReference "SnapKit" */;
			productName = "SnapKit-Dynamic";
		};
/* End XCSwiftPackageProductDependency section */
	};
	rootObject = 0019F6712BD00477000D7DCF /* Project object */;
}
